{
  "name": "smarty-template-support",
  "lockfileVersion": 2,
  "requires": true,
  "packages": {
    "": {
      "name": "smarty-template-support",
      "license": "MIT",
      "dependencies": {
        "@vscode/l10n": "^0.0.10",
        "vscode-css-languageservice": "^6.2.1",
        "vscode-html-languageservice": "^5.0.3",
        "vscode-languageserver": "^8.1.0-next.2",
        "vscode-languageserver-textdocument": "^1.0.7",
        "vscode-uri": "^3.0.6"
      },
      "devDependencies": {
        "@types/mocha": "^9.1.1",
        "@types/node": "16.x"
      },
      "engines": {
        "node": "*"
      }
    },
    "node_modules/@types/mocha": {
      "version": "9.1.1",
      "resolved": "https://registry.npmjs.org/@types/mocha/-/mocha-9.1.1.tgz",
      "integrity": "sha512-Z61JK7DKDtdKTWwLeElSEBcWGRLY8g95ic5FoQqI9CMx0ns/Ghep3B4DfcEimiKMvtamNVULVNKEsiwV3aQmXw==",
      "dev": true
    },
    "node_modules/@types/node": {
      "version": "16.11.6",
      "resolved": "https://registry.npmjs.org/@types/node/-/node-16.11.6.tgz",
      "integrity": "sha512-ua7PgUoeQFjmWPcoo9khiPum3Pd60k4/2ZGXt18sm2Slk0W0xZTqt5Y0Ny1NyBiN1EVQ/+FaF9NcY4Qe6rwk5w==",
      "dev": true
    },
    "node_modules/@vscode/l10n": {
      "version": "0.0.10",
      "resolved": "https://registry.npmjs.org/@vscode/l10n/-/l10n-0.0.10.tgz",
      "integrity": "sha512-E1OCmDcDWa0Ya7vtSjp/XfHFGqYJfh+YPC1RkATU71fTac+j1JjCcB3qwSzmlKAighx2WxhLlfhS0RwAN++PFQ=="
    },
    "node_modules/vscode-css-languageservice": {
      "version": "6.2.1",
      "resolved": "https://registry.npmjs.org/vscode-css-languageservice/-/vscode-css-languageservice-6.2.1.tgz",
      "integrity": "sha512-FMaMjB2LQdkHjTCP2CWh2S94xuGsxSc8xr0H9nAACVd/iUDyZLoKFjwoB+mA3v0rpCH2U5vVCVwxyULy61CgqA==",
      "dependencies": {
        "@vscode/l10n": "^0.0.10",
        "vscode-languageserver-textdocument": "^1.0.7",
        "vscode-languageserver-types": "^3.17.2",
        "vscode-uri": "^3.0.6"
      }
    },
    "node_modules/vscode-html-languageservice": {
      "version": "5.0.3",
      "resolved": "https://registry.npmjs.org/vscode-html-languageservice/-/vscode-html-languageservice-5.0.3.tgz",
      "integrity": "sha512-6rfrtcHhXDMXmC5pR2WXrx02HiNCzQDynOBMn+53zLxr2hvZrDzoc0QgC0FaFGfcglf7GeOsfhkWvJBFC/a70g==",
      "dependencies": {
        "@vscode/l10n": "^0.0.10",
        "vscode-languageserver-textdocument": "^1.0.7",
        "vscode-languageserver-types": "^3.17.2",
        "vscode-uri": "^3.0.6"
      }
    },
    "node_modules/vscode-jsonrpc": {
      "version": "8.1.0-next.6",
      "resolved": "https://registry.npmjs.org/vscode-jsonrpc/-/vscode-jsonrpc-8.1.0-next.6.tgz",
      "integrity": "sha512-AahQokGczPwXKo1Qhnn3aqkZgwUJ0rjVwhWWKW5I5LEWRoqfnWkQp7haVIV6GJRX0oyGL2ezVy7IhwgP5u/3xw==",
      "engines": {
        "node": ">=14.0.0"
      }
    },
    "node_modules/vscode-languageserver": {
      "version": "8.1.0-next.5",
      "resolved": "https://registry.npmjs.org/vscode-languageserver/-/vscode-languageserver-8.1.0-next.5.tgz",
      "integrity": "sha512-VivctbjOca/iPZKXqgqz03MUhnjAlVkf8/AwfndIEVzD8itD7zaoMlqNUynHJVbGcU5PEygC5deUzKHMU8cNhw==",
      "dependencies": {
        "vscode-languageserver-protocol": "3.17.3-next.5"
      },
      "bin": {
        "installServerIntoExtension": "bin/installServerIntoExtension"
      }
    },
    "node_modules/vscode-languageserver-protocol": {
      "version": "3.17.3-next.5",
      "resolved": "https://registry.npmjs.org/vscode-languageserver-protocol/-/vscode-languageserver-protocol-3.17.3-next.5.tgz",
      "integrity": "sha512-9HafkatRVhBVpWQrODes4JaoSu7ozHQUOzYiTmfMmxeFOUYgsSqyODp+j/c+SovcsuwABjuqnsQ9RiFkXCbeMA==",
      "dependencies": {
        "vscode-jsonrpc": "8.1.0-next.6",
        "vscode-languageserver-types": "3.17.3-next.2"
      }
    },
    "node_modules/vscode-languageserver-protocol/node_modules/vscode-languageserver-types": {
      "version": "3.17.3-next.2",
      "resolved": "https://registry.npmjs.org/vscode-languageserver-types/-/vscode-languageserver-types-3.17.3-next.2.tgz",
      "integrity": "sha512-3kkNSCycNKUalSJIrjIptGeY9UTJr1Nk5HT/aT00jjIwiCvIUNbRdK90av2Y3j1Jityot68dBVc3YYdwwH3zOQ=="
    },
    "node_modules/vscode-languageserver-textdocument": {
      "version": "1.0.8",
      "resolved": "https://registry.npmjs.org/vscode-languageserver-textdocument/-/vscode-languageserver-textdocument-1.0.8.tgz",
      "integrity": "sha512-1bonkGqQs5/fxGT5UchTgjGVnfysL0O8v1AYMBjqTbWQTFn721zaPGDYFkOKtfDgFiSgXM3KwaG3FMGfW4Ed9Q=="
    },
    "node_modules/vscode-languageserver-types": {
      "version": "3.17.2",
      "resolved": "https://registry.npmjs.org/vscode-languageserver-types/-/vscode-languageserver-types-3.17.2.tgz",
      "integrity": "sha512-zHhCWatviizPIq9B7Vh9uvrH6x3sK8itC84HkamnBWoDFJtzBf7SWlpLCZUit72b3os45h6RWQNC9xHRDF8dRA=="
    },
    "node_modules/vscode-uri": {
      "version": "3.0.7",
      "resolved": "https://registry.npmjs.org/vscode-uri/-/vscode-uri-3.0.7.tgz",
      "integrity": "sha512-eOpPHogvorZRobNqJGhapa0JdwaxpjVvyBp0QIUMRMSf8ZAlqOdEquKuRmw9Qwu0qXtJIWqFtMkmvJjUZmMjVA=="
    }
  },
  "dependencies": {
    "@types/mocha": {
      "version": "9.1.1",
      "resolved": "https://registry.npmjs.org/@types/mocha/-/mocha-9.1.1.tgz",
      "integrity": "sha512-Z61JK7DKDtdKTWwLeElSEBcWGRLY8g95ic5FoQqI9CMx0ns/Ghep3B4DfcEimiKMvtamNVULVNKEsiwV3aQmXw==",
      "dev": true
    },
    "@types/node": {
      "version": "16.11.6",
      "resolved": "https://registry.npmjs.org/@types/node/-/node-16.11.6.tgz",
      "integrity": "sha512-ua7PgUoeQFjmWPcoo9khiPum3Pd60k4/2ZGXt18sm2Slk0W0xZTqt5Y0Ny1NyBiN1EVQ/+FaF9NcY4Qe6rwk5w==",
      "dev": true
    },
    "@vscode/l10n": {
      "version": "0.0.10",
      "resolved": "https://registry.npmjs.org/@vscode/l10n/-/l10n-0.0.10.tgz",
      "integrity": "sha512-E1OCmDcDWa0Ya7vtSjp/XfHFGqYJfh+YPC1RkATU71fTac+j1JjCcB3qwSzmlKAighx2WxhLlfhS0RwAN++PFQ=="
    },
    "vscode-css-languageservice": {
      "version": "6.2.1",
      "resolved": "https://registry.npmjs.org/vscode-css-languageservice/-/vscode-css-languageservice-6.2.1.tgz",
      "integrity": "sha512-FMaMjB2LQdkHjTCP2CWh2S94xuGsxSc8xr0H9nAACVd/iUDyZLoKFjwoB+mA3v0rpCH2U5vVCVwxyULy61CgqA==",
      "requires": {
        "@vscode/l10n": "^0.0.10",
        "vscode-languageserver-textdocument": "^1.0.7",
        "vscode-languageserver-types": "^3.17.2",
        "vscode-uri": "^3.0.6"
      }
    },
    "vscode-html-languageservice": {
      "version": "5.0.3",
      "resolved": "https://registry.npmjs.org/vscode-html-languageservice/-/vscode-html-languageservice-5.0.3.tgz",
      "integrity": "sha512-6rfrtcHhXDMXmC5pR2WXrx02HiNCzQDynOBMn+53zLxr2hvZrDzoc0QgC0FaFGfcglf7GeOsfhkWvJBFC/a70g==",
      "requires": {
        "@vscode/l10n": "^0.0.10",
        "vscode-languageserver-textdocument": "^1.0.7",
        "vscode-languageserver-types": "^3.17.2",
        "vscode-uri": "^3.0.6"
      }
    },
    "vscode-jsonrpc": {
      "version": "8.1.0-next.6",
      "resolved": "https://registry.npmjs.org/vscode-jsonrpc/-/vscode-jsonrpc-8.1.0-next.6.tgz",
      "integrity": "sha512-AahQokGczPwXKo1Qhnn3aqkZgwUJ0rjVwhWWKW5I5LEWRoqfnWkQp7haVIV6GJRX0oyGL2ezVy7IhwgP5u/3xw=="
    },
    "vscode-languageserver": {
      "version": "8.1.0-next.5",
      "resolved": "https://registry.npmjs.org/vscode-languageserver/-/vscode-languageserver-8.1.0-next.5.tgz",
      "integrity": "sha512-VivctbjOca/iPZKXqgqz03MUhnjAlVkf8/AwfndIEVzD8itD7zaoMlqNUynHJVbGcU5PEygC5deUzKHMU8cNhw==",
      "requires": {
        "vscode-languageserver-protocol": "3.17.3-next.5"
      }
    },
    "vscode-languageserver-protocol": {
      "version": "3.17.3-next.5",
      "resolved": "https://registry.npmjs.org/vscode-languageserver-protocol/-/vscode-languageserver-protocol-3.17.3-next.5.tgz",
      "integrity": "sha512-9HafkatRVhBVpWQrODes4JaoSu7ozHQUOzYiTmfMmxeFOUYgsSqyODp+j/c+SovcsuwABjuqnsQ9RiFkXCbeMA==",
      "requires": {
        "vscode-jsonrpc": "8.1.0-next.6",
        "vscode-languageserver-types": "3.17.3-next.2"
      },
      "dependencies": {
        "vscode-languageserver-types": {
          "version": "3.17.3-next.2",
          "resolved": "https://registry.npmjs.org/vscode-languageserver-types/-/vscode-languageserver-types-3.17.3-next.2.tgz",
          "integrity": "sha512-3kkNSCycNKUalSJIrjIptGeY9UTJr1Nk5HT/aT00jjIwiCvIUNbRdK90av2Y3j1Jityot68dBVc3YYdwwH3zOQ=="
        }
      }
    },
    "vscode-languageserver-textdocument": {
      "version": "1.0.8",
      "resolved": "https://registry.npmjs.org/vscode-languageserver-textdocument/-/vscode-languageserver-textdocument-1.0.8.tgz",
      "integrity": "sha512-1bonkGqQs5/fxGT5UchTgjGVnfysL0O8v1AYMBjqTbWQTFn721zaPGDYFkOKtfDgFiSgXM3KwaG3FMGfW4Ed9Q=="
    },
    "vscode-languageserver-types": {
      "version": "3.17.2",
      "resolved": "https://registry.npmjs.org/vscode-languageserver-types/-/vscode-languageserver-types-3.17.2.tgz",
      "integrity": "sha512-zHhCWatviizPIq9B7Vh9uvrH6x3sK8itC84HkamnBWoDFJtzBf7SWlpLCZUit72b3os45h6RWQNC9xHRDF8dRA=="
    },
    "vscode-uri": {
      "version": "3.0.7",
      "resolved": "https://registry.npmjs.org/vscode-uri/-/vscode-uri-3.0.7.tgz",
      "integrity": "sha512-eOpPHogvorZRobNqJGhapa0JdwaxpjVvyBp0QIUMRMSf8ZAlqOdEquKuRmw9Qwu0qXtJIWqFtMkmvJjUZmMjVA=="
    }
  }
}
